// !$*UTF8*$!
{
	archiveVersion = 1;
	classes = {
	};
	objectVersion = 50;
	objects = {

/* Begin PBXBuildFile section */
		667A5E9724871F5400F4F6E1 /* AppDelegate.swift in Sources */ = {isa = PBXBuildFile; fileRef = 667A5E9624871F5400F4F6E1 /* AppDelegate.swift */; };
		667A5E9924871F5400F4F6E1 /* SceneDelegate.swift in Sources */ = {isa = PBXBuildFile; fileRef = 667A5E9824871F5400F4F6E1 /* SceneDelegate.swift */; };
		667A5E9C24871F5400F4F6E1 /* tinybooth.xcdatamodeld in Sources */ = {isa = PBXBuildFile; fileRef = 667A5E9A24871F5400F4F6E1 /* tinybooth.xcdatamodeld */; };
		667A5E9E24871F5400F4F6E1 /* ViewController.swift in Sources */ = {isa = PBXBuildFile; fileRef = 667A5E9D24871F5400F4F6E1 /* ViewController.swift */; };
		667A5EA024871F5500F4F6E1 /* Assets.xcassets in Resources */ = {isa = PBXBuildFile; fileRef = 667A5E9F24871F5500F4F6E1 /* Assets.xcassets */; };
		667A5EA324871F5500F4F6E1 /* Preview Assets.xcassets in Resources */ = {isa = PBXBuildFile; fileRef = 667A5EA224871F5500F4F6E1 /* Preview Assets.xcassets */; };
		667A5EA624871F5500F4F6E1 /* LaunchScreen.storyboard in Resources */ = {isa = PBXBuildFile; fileRef = 667A5EA424871F5500F4F6E1 /* LaunchScreen.storyboard */; };
/* End PBXBuildFile section */

/* Begin PBXFileReference section */
		667A5E9324871F5400F4F6E1 /* tinybooth.app */ = {isa = PBXFileReference; explicitFileType = wrapper.application; includeInIndex = 0; path = tinybooth.app; sourceTree = BUILT_PRODUCTS_DIR; };
		667A5E9624871F5400F4F6E1 /* AppDelegate.swift */ = {isa = PBXFileReference; lastKnownFileType = sourcecode.swift; path = AppDelegate.swift; sourceTree = "<group>"; };
		667A5E9824871F5400F4F6E1 /* SceneDelegate.swift */ = {isa = PBXFileReference; lastKnownFileType = sourcecode.swift; path = SceneDelegate.swift; sourceTree = "<group>"; };
		667A5E9B24871F5400F4F6E1 /* tinybooth.xcdatamodel */ = {isa = PBXFileReference; lastKnownFileType = wrapper.xcdatamodel; path = tinybooth.xcdatamodel; sourceTree = "<group>"; };
		667A5E9D24871F5400F4F6E1 /* ViewController.swift */ = {isa = PBXFileReference; lastKnownFileType = sourcecode.swift; path = ViewController.swift; sourceTree = "<group>"; };
		667A5E9F24871F5500F4F6E1 /* Assets.xcassets */ = {isa = PBXFileReference; lastKnownFileType = folder.assetcatalog; path = Assets.xcassets; sourceTree = "<group>"; };
		667A5EA224871F5500F4F6E1 /* Preview Assets.xcassets */ = {isa = PBXFileReference; lastKnownFileType = folder.assetcatalog; path = "Preview Assets.xcassets"; sourceTree = "<group>"; };
		667A5EA524871F5500F4F6E1 /* Base */ = {isa = PBXFileReference; lastKnownFileType = file.storyboard; name = Base; path = Base.lproj/LaunchScreen.storyboard; sourceTree = "<group>"; };
		667A5EA724871F5500F4F6E1 /* Info.plist */ = {isa = PBXFileReference; lastKnownFileType = text.plist.xml; path = Info.plist; sourceTree = "<group>"; };
/* End PBXFileReference section */

/* Begin PBXFrameworksBuildPhase section */
		667A5E9024871F5400F4F6E1 /* Frameworks */ = {
			isa = PBXFrameworksBuildPhase;
			buildActionMask = 2147483647;
			files = (
			);
			runOnlyForDeploymentPostprocessing = 0;
		};
/* End PBXFrameworksBuildPhase section */

/* Begin PBXGroup section */
		667A5E8A24871F5400F4F6E1 = {
			isa = PBXGroup;
			children = (
				667A5E9524871F5400F4F6E1 /* tinybooth */,
				667A5E9424871F5400F4F6E1 /* Products */,
			);
			sourceTree = "<group>";
		};
		667A5E9424871F5400F4F6E1 /* Products */ = {
			isa = PBXGroup;
			children = (
				667A5E9324871F5400F4F6E1 /* tinybooth.app */,
			);
			name = Products;
			sourceTree = "<group>";
		};
		667A5E9524871F5400F4F6E1 /* tinybooth */ = {
			isa = PBXGroup;
			children = (
				667A5E9624871F5400F4F6E1 /* AppDelegate.swift */,
				667A5E9824871F5400F4F6E1 /* SceneDelegate.swift */,
				667A5E9D24871F5400F4F6E1 /* ViewController.swift */,
				667A5E9F24871F5500F4F6E1 /* Assets.xcassets */,
				667A5EA424871F5500F4F6E1 /* LaunchScreen.storyboard */,
				667A5EA724871F5500F4F6E1 /* Info.plist */,
				667A5E9A24871F5400F4F6E1 /* tinybooth.xcdatamodeld */,
				667A5EA124871F5500F4F6E1 /* Preview Content */,
			);
			path = tinybooth;
			sourceTree = "<group>";
		};
		667A5EA124871F5500F4F6E1 /* Preview Content */ = {
			isa = PBXGroup;
			children = (
				667A5EA224871F5500F4F6E1 /* Preview Assets.xcassets */,
			);
			path = "Preview Content";
			sourceTree = "<group>";
		};
/* End PBXGroup section */

/* Begin PBXNativeTarget section */
		667A5E9224871F5400F4F6E1 /* tinybooth */ = {
			isa = PBXNativeTarget;
			buildConfigurationList = 667A5EAA24871F5500F4F6E1 /* Build configuration list for PBXNativeTarget "tinybooth" */;
			buildPhases = (
				667A5E8F24871F5400F4F6E1 /* Sources */,
				667A5E9024871F5400F4F6E1 /* Frameworks */,
				667A5E9124871F5400F4F6E1 /* Resources */,
			);
			buildRules = (
			);
			dependencies = (
			);
			name = tinybooth;
			productName = tinybooth;
			productReference = 667A5E9324871F5400F4F6E1 /* tinybooth.app */;
			productType = "com.apple.product-type.application";
		};
/* End PBXNativeTarget section */

/* Begin PBXProject section */
		667A5E8B24871F5400F4F6E1 /* Project object */ = {
			isa = PBXProject;
			attributes = {
				LastSwiftUpdateCheck = 1150;
				LastUpgradeCheck = 1150;
				ORGANIZATIONNAME = codesquad;
				TargetAttributes = {
					667A5E9224871F5400F4F6E1 = {
						CreatedOnToolsVersion = 11.5;
					};
				};
			};
			buildConfigurationList = 667A5E8E24871F5400F4F6E1 /* Build configuration list for PBXProject "tinybooth" */;
			compatibilityVersion = "Xcode 9.3";
			developmentRegion = en;
			hasScannedForEncodings = 0;
			knownRegions = (
				en,
				Base,
			);
			mainGroup = 667A5E8A24871F5400F4F6E1;
			productRefGroup = 667A5E9424871F5400F4F6E1 /* Products */;
			projectDirPath = "";
			projectRoot = "";
			targets = (
				667A5E9224871F5400F4F6E1 /* tinybooth */,
			);
		};
/* End PBXProject section */

/* Begin PBXResourcesBuildPhase section */
		667A5E9124871F5400F4F6E1 /* Resources */ = {
			isa = PBXResourcesBuildPhase;
			buildActionMask = 2147483647;
			files = (
				667A5EA624871F5500F4F6E1 /* LaunchScreen.storyboard in Resources */,
				667A5EA324871F5500F4F6E1 /* Preview Assets.xcassets in Resources */,
				667A5EA024871F5500F4F6E1 /* Assets.xcassets in Resources */,
			);
			runOnlyForDeploymentPostprocessing = 0;
		};
/* End PBXResourcesBuildPhase section */

/* Begin PBXSourcesBuildPhase section */
		667A5E8F24871F5400F4F6E1 /* Sources */ = {
			isa = PBXSourcesBuildPhase;
			buildActionMask = 2147483647;
			files = (
				667A5E9724871F5400F4F6E1 /* AppDelegate.swift in Sources */,
				667A5E9C24871F5400F4F6E1 /* tinybooth.xcdatamodeld in Sources */,
				667A5E9E24871F5400F4F6E1 /* ViewController.swift in Sources */,
				667A5E9924871F5400F4F6E1 /* SceneDelegate.swift in Sources */,
			);
			runOnlyForDeploymentPostprocessing = 0;
		};
/* End PBXSourcesBuildPhase section */

/* Begin PBXVariantGroup section */
		667A5EA424871F5500F4F6E1 /* LaunchScreen.storyboard */ = {
			isa = PBXVariantGroup;
			children = (
				667A5EA524871F5500F4F6E1 /* Base */,
			);
			name = LaunchScreen.storyboard;
			sourceTree = "<group>";
		};
/* End PBXVariantGroup section */

/* Begin XCBuildConfiguration section */
		667A5EA824871F5500F4F6E1 /* Debug */ = {
			isa = XCBuildConfiguration;
			buildSettings = {
				ALWAYS_SEARCH_USER_PATHS = NO;
				CLANG_ANALYZER_NONNULL = YES;
				CLANG_ANALYZER_NUMBER_OBJECT_CONVERSION = YES_AGGRESSIVE;
				CLANG_CXX_LANGUAGE_STANDARD = "gnu++14";
				CLANG_CXX_LIBRARY = "libc++";
				CLANG_ENABLE_MODULES = YES;
				CLANG_ENABLE_OBJC_ARC = YES;
				CLANG_ENABLE_OBJC_WEAK = YES;
				CLANG_WARN_BLOCK_CAPTURE_AUTORELEASING = YES;
				CLANG_WARN_BOOL_CONVERSION = YES;
				CLANG_WARN_COMMA = YES;
				CLANG_WARN_CONSTANT_CONVERSION = YES;
				CLANG_WARN_DEPRECATED_OBJC_IMPLEMENTATIONS = YES;
				CLANG_WARN_DIRECT_OBJC_ISA_USAGE = YES_ERROR;
				CLANG_WARN_DOCUMENTATION_COMMENTS = YES;
				CLANG_WARN_EMPTY_BODY = YES;
				CLANG_WARN_ENUM_CONVERSION = YES;
				CLANG_WARN_INFINITE_RECURSION = YES;
				CLANG_WARN_INT_CONVERSION = YES;
				CLANG_WARN_NON_LITERAL_NULL_CONVERSION = YES;
				CLANG_WARN_OBJC_IMPLICIT_RETAIN_SELF = YES;
				CLANG_WARN_OBJC_LITERAL_CONVERSION = YES;
				CLANG_WARN_OBJC_ROOT_CLASS = YES_ERROR;
				CLANG_WARN_RANGE_LOOP_ANALYSIS = YES;
				CLANG_WARN_STRICT_PROTOTYPES = YES;
				CLANG_WARN_SUSPICIOUS_MOVE = YES;
				CLANG_WARN_UNGUARDED_AVAILABILITY = YES_AGGRESSIVE;
				CLANG_WARN_UNREACHABLE_CODE = YES;
				CLANG_WARN__DUPLICATE_METHOD_MATCH = YES;
				COPY_PHASE_STRIP = NO;
				DEBUG_INFORMATION_FORMAT = dwarf;
				ENABLE_STRICT_OBJC_MSGSEND = YES;
				ENABLE_TESTABILITY = YES;
				GCC_C_LANGUAGE_STANDARD = gnu11;
				GCC_DYNAMIC_NO_PIC = NO;
				GCC_NO_COMMON_BLOCKS = YES;
				GCC_OPTIMIZATION_LEVEL = 0;
				GCC_PREPROCESSOR_DEFINITIONS = (
					"DEBUG=1",
					"$(inherited)",
				);
				GCC_WARN_64_TO_32_BIT_CONVERSION = YES;
				GCC_WARN_ABOUT_RETURN_TYPE = YES_ERROR;
				GCC_WARN_UNDECLARED_SELECTOR = YES;
				GCC_WARN_UNINITIALIZED_AUTOS = YES_AGGRESSIVE;
				GCC_WARN_UNUSED_FUNCTION = YES;
				GCC_WARN_UNUSED_VARIABLE = YES;
				IPHONEOS_DEPLOYMENT_TARGET = 13.5;
				MTL_ENABLE_DEBUG_INFO = INCLUDE_SOURCE;
				MTL_FAST_MATH = YES;
				ONLY_ACTIVE_ARCH = YES;
				SDKROOT = iphoneos;
				SWIFT_ACTIVE_COMPILATION_CONDITIONS = DEBUG;
				SWIFT_OPTIMIZATION_LEVEL = "-Onone";
			};
			name = Debug;
		};
		667A5EA924871F5500F4F6E1 /* Release */ = {
			isa = XCBuildConfiguration;
			buildSettings = {
				ALWAYS_SEARCH_USER_PATHS = NO;
				CLANG_ANALYZER_NONNULL = YES;
				CLANG_ANALYZER_NUMBER_OBJECT_CONVERSION = YES_AGGRESSIVE;
				CLANG_CXX_LANGUAGE_STANDARD = "gnu++14";
				CLANG_CXX_LIBRARY = "libc++";
				CLANG_ENABLE_MODULES = YES;
				CLANG_ENABLE_OBJC_ARC = YES;
				CLANG_ENABLE_OBJC_WEAK = YES;
				CLANG_WARN_BLOCK_CAPTURE_AUTORELEASING = YES;
				CLANG_WARN_BOOL_CONVERSION = YES;
				CLANG_WARN_COMMA = YES;
				CLANG_WARN_CONSTANT_CONVERSION = YES;
				CLANG_WARN_DEPRECATED_OBJC_IMPLEMENTATIONS = YES;
				CLANG_WARN_DIRECT_OBJC_ISA_USAGE = YES_ERROR;
				CLANG_WARN_DOCUMENTATION_COMMENTS = YES;
				CLANG_WARN_EMPTY_BODY = YES;
				CLANG_WARN_ENUM_CONVERSION = YES;
				CLANG_WARN_INFINITE_RECURSION = YES;
				CLANG_WARN_INT_CONVERSION = YES;
				CLANG_WARN_NON_LITERAL_NULL_CONVERSION = YES;
				CLANG_WARN_OBJC_IMPLICIT_RETAIN_SELF = YES;
				CLANG_WARN_OBJC_LITERAL_CONVERSION = YES;
				CLANG_WARN_OBJC_ROOT_CLASS = YES_ERROR;
				CLANG_WARN_RANGE_LOOP_ANALYSIS = YES;
				CLANG_WARN_STRICT_PROTOTYPES = YES;
				CLANG_WARN_SUSPICIOUS_MOVE = YES;
				CLANG_WARN_UNGUARDED_AVAILABILITY = YES_AGGRESSIVE;
				CLANG_WARN_UNREACHABLE_CODE = YES;
				CLANG_WARN__DUPLICATE_METHOD_MATCH = YES;
				COPY_PHASE_STRIP = NO;
				DEBUG_INFORMATION_FORMAT = "dwarf-with-dsym";
				ENABLE_NS_ASSERTIONS = NO;
				ENABLE_STRICT_OBJC_MSGSEND = YES;
				GCC_C_LANGUAGE_STANDARD = gnu11;
				GCC_NO_COMMON_BLOCKS = YES;
				GCC_WARN_64_TO_32_BIT_CONVERSION = YES;
				GCC_WARN_ABOUT_RETURN_TYPE = YES_ERROR;
				GCC_WARN_UNDECLARED_SELECTOR = YES;
				GCC_WARN_UNINITIALIZED_AUTOS = YES_AGGRESSIVE;
				GCC_WARN_UNUSED_FUNCTION = YES;
				GCC_WARN_UNUSED_VARIABLE = YES;
				IPHONEOS_DEPLOYMENT_TARGET = 13.5;
				MTL_ENABLE_DEBUG_INFO = NO;
				MTL_FAST_MATH = YES;
				SDKROOT = iphoneos;
				SWIFT_COMPILATION_MODE = wholemodule;
				SWIFT_OPTIMIZATION_LEVEL = "-O";
				VALIDATE_PRODUCT = YES;
			};
			name = Release;
		};
		667A5EAB24871F5500F4F6E1 /* Debug */ = {
			isa = XCBuildConfiguration;
			buildSettings = {
				ASSETCATALOG_COMPILER_APPICON_NAME = AppIcon;
				CODE_SIGN_STYLE = Automatic;
				DEVELOPMENT_ASSET_PATHS = "\"tinybooth/Preview Content\"";
				DEVELOPMENT_TEAM = S4UJ25XGGT;
				ENABLE_PREVIEWS = YES;
				INFOPLIST_FILE = tinybooth/Info.plist;
				LD_RUNPATH_SEARCH_PATHS = (
					"$(inherited)",
					"@executable_path/Frameworks",
				);
				PRODUCT_BUNDLE_IDENTIFIER = codesquad.tinybooth;
				PRODUCT_NAME = "$(TARGET_NAME)";
				SWIFT_VERSION = 5.0;
				TARGETED_DEVICE_FAMILY = "1,2";
			};
			name = Debug;
		};
		667A5EAC24871F5500F4F6E1 /* Release */ = {
			isa = XCBuildConfiguration;
			buildSettings = {
				ASSETCATALOG_COMPILER_APPICON_NAME = AppIcon;
				CODE_SIGN_STYLE = Automatic;
				DEVELOPMENT_ASSET_PATHS = "\"tinybooth/Preview Content\"";
				DEVELOPMENT_TEAM = S4UJ25XGGT;
				ENABLE_PREVIEWS = YES;
				INFOPLIST_FILE = tinybooth/Info.plist;
				LD_RUNPATH_SEARCH_PATHS = (
					"$(inherited)",
					"@executable_path/Frameworks",
				);
				PRODUCT_BUNDLE_IDENTIFIER = codesquad.tinybooth;
				PRODUCT_NAME = "$(TARGET_NAME)";
				SWIFT_VERSION = 5.0;
				TARGETED_DEVICE_FAMILY = "1,2";
			};
			name = Release;
		};
/* End XCBuildConfiguration section */

/* Begin XCConfigurationList section */
		667A5E8E24871F5400F4F6E1 /* Build configuration list for PBXProject "tinybooth" */ = {
			isa = XCConfigurationList;
			buildConfigurations = (
				667A5EA824871F5500F4F6E1 /* Debug */,
				667A5EA924871F5500F4F6E1 /* Release */,
			);
			defaultConfigurationIsVisible = 0;
			defaultConfigurationName = Release;
		};
		667A5EAA24871F5500F4F6E1 /* Build configuration list for PBXNativeTarget "tinybooth" */ = {
			isa = XCConfigurationList;
			buildConfigurations = (
				667A5EAB24871F5500F4F6E1 /* Debug */,
				667A5EAC24871F5500F4F6E1 /* Release */,
			);
			defaultConfigurationIsVisible = 0;
			defaultConfigurationName = Release;
		};
/* End XCConfigurationList section */

/* Begin XCVersionGroup section */
		667A5E9A24871F5400F4F6E1 /* tinybooth.xcdatamodeld */ = {
			isa = XCVersionGroup;
			children = (
				667A5E9B24871F5400F4F6E1 /* tinybooth.xcdatamodel */,
			);
			currentVersion = 667A5E9B24871F5400F4F6E1 /* tinybooth.xcdatamodel */;
			path = tinybooth.xcdatamodeld;
			sourceTree = "<group>";
			versionGroupType = wrapper.xcdatamodel;
		};
/* End XCVersionGroup section */
	};
	rootObject = 667A5E8B24871F5400F4F6E1 /* Project object */;
}
