// !$*UTF8*$!
{
	archiveVersion = 1;
	classes = {
	};
	objectVersion = 50;
	objects = {

/* Begin PBXBuildFile section */
		663BCFFF2489A5850090A64E /* PreviewViewController.swift in Sources */ = {isa = PBXBuildFile; fileRef = 663BCFFE2489A5850090A64E /* PreviewViewController.swift */; };
		663BD002248AC1A00090A64E /* ViewController.swift in Sources */ = {isa = PBXBuildFile; fileRef = 66E72E402487430B00D55C70 /* ViewController.swift */; };
		663BD008248AD9050090A64E /* PhotoUtil.swift in Sources */ = {isa = PBXBuildFile; fileRef = 663BD007248AD9050090A64E /* PhotoUtil.swift */; };
		663BD00B248ADFF70090A64E /* countdownSound.mp3 in Resources */ = {isa = PBXBuildFile; fileRef = 663BD009248ADFF70090A64E /* countdownSound.mp3 */; };
		663BD00C248ADFF70090A64E /* countdownSound_1.mp3 in Resources */ = {isa = PBXBuildFile; fileRef = 663BD00A248ADFF70090A64E /* countdownSound_1.mp3 */; };
		66E72E3D2487430B00D55C70 /* AppDelegate.swift in Sources */ = {isa = PBXBuildFile; fileRef = 66E72E3C2487430B00D55C70 /* AppDelegate.swift */; };
		66E72E3F2487430B00D55C70 /* SceneDelegate.swift in Sources */ = {isa = PBXBuildFile; fileRef = 66E72E3E2487430B00D55C70 /* SceneDelegate.swift */; };
		66E72E442487430B00D55C70 /* Main.storyboard in Resources */ = {isa = PBXBuildFile; fileRef = 66E72E422487430B00D55C70 /* Main.storyboard */; };
		66E72E472487430B00D55C70 /* tinybooth.xcdatamodeld in Sources */ = {isa = PBXBuildFile; fileRef = 66E72E452487430B00D55C70 /* tinybooth.xcdatamodeld */; };
		66E72E492487430C00D55C70 /* Assets.xcassets in Resources */ = {isa = PBXBuildFile; fileRef = 66E72E482487430C00D55C70 /* Assets.xcassets */; };
		66E72E4C2487430C00D55C70 /* LaunchScreen.storyboard in Resources */ = {isa = PBXBuildFile; fileRef = 66E72E4A2487430C00D55C70 /* LaunchScreen.storyboard */; };
/* End PBXBuildFile section */

/* Begin PBXFileReference section */
		663BCFFE2489A5850090A64E /* PreviewViewController.swift */ = {isa = PBXFileReference; lastKnownFileType = sourcecode.swift; path = PreviewViewController.swift; sourceTree = "<group>"; };
		663BD007248AD9050090A64E /* PhotoUtil.swift */ = {isa = PBXFileReference; lastKnownFileType = sourcecode.swift; path = PhotoUtil.swift; sourceTree = "<group>"; };
		663BD009248ADFF70090A64E /* countdownSound.mp3 */ = {isa = PBXFileReference; lastKnownFileType = audio.mp3; path = countdownSound.mp3; sourceTree = "<group>"; };
		663BD00A248ADFF70090A64E /* countdownSound_1.mp3 */ = {isa = PBXFileReference; lastKnownFileType = audio.mp3; path = countdownSound_1.mp3; sourceTree = "<group>"; };
		66E72E392487430B00D55C70 /* tinybooth.app */ = {isa = PBXFileReference; explicitFileType = wrapper.application; includeInIndex = 0; path = tinybooth.app; sourceTree = BUILT_PRODUCTS_DIR; };
		66E72E3C2487430B00D55C70 /* AppDelegate.swift */ = {isa = PBXFileReference; lastKnownFileType = sourcecode.swift; path = AppDelegate.swift; sourceTree = "<group>"; };
		66E72E3E2487430B00D55C70 /* SceneDelegate.swift */ = {isa = PBXFileReference; lastKnownFileType = sourcecode.swift; path = SceneDelegate.swift; sourceTree = "<group>"; };
		66E72E402487430B00D55C70 /* ViewController.swift */ = {isa = PBXFileReference; lastKnownFileType = sourcecode.swift; path = ViewController.swift; sourceTree = "<group>"; };
		66E72E432487430B00D55C70 /* Base */ = {isa = PBXFileReference; lastKnownFileType = file.storyboard; name = Base; path = Base.lproj/Main.storyboard; sourceTree = "<group>"; };
		66E72E462487430B00D55C70 /* tinybooth.xcdatamodel */ = {isa = PBXFileReference; lastKnownFileType = wrapper.xcdatamodel; path = tinybooth.xcdatamodel; sourceTree = "<group>"; };
		66E72E482487430C00D55C70 /* Assets.xcassets */ = {isa = PBXFileReference; lastKnownFileType = folder.assetcatalog; path = Assets.xcassets; sourceTree = "<group>"; };
		66E72E4B2487430C00D55C70 /* Base */ = {isa = PBXFileReference; lastKnownFileType = file.storyboard; name = Base; path = Base.lproj/LaunchScreen.storyboard; sourceTree = "<group>"; };
		66E72E4D2487430C00D55C70 /* Info.plist */ = {isa = PBXFileReference; lastKnownFileType = text.plist.xml; path = Info.plist; sourceTree = "<group>"; };
/* End PBXFileReference section */

/* Begin PBXFrameworksBuildPhase section */
		66E72E362487430B00D55C70 /* Frameworks */ = {
			isa = PBXFrameworksBuildPhase;
			buildActionMask = 2147483647;
			files = (
			);
			runOnlyForDeploymentPostprocessing = 0;
		};
/* End PBXFrameworksBuildPhase section */

/* Begin PBXGroup section */
		66E72E302487430B00D55C70 = {
			isa = PBXGroup;
			children = (
				66E72E3B2487430B00D55C70 /* tinybooth */,
				66E72E3A2487430B00D55C70 /* Products */,
			);
			sourceTree = "<group>";
		};
		66E72E3A2487430B00D55C70 /* Products */ = {
			isa = PBXGroup;
			children = (
				66E72E392487430B00D55C70 /* tinybooth.app */,
			);
			name = Products;
			sourceTree = "<group>";
		};
		66E72E3B2487430B00D55C70 /* tinybooth */ = {
			isa = PBXGroup;
			children = (
				66E72E3C2487430B00D55C70 /* AppDelegate.swift */,
				663BD00A248ADFF70090A64E /* countdownSound_1.mp3 */,
				663BD009248ADFF70090A64E /* countdownSound.mp3 */,
				66E72E3E2487430B00D55C70 /* SceneDelegate.swift */,
				66E72E402487430B00D55C70 /* ViewController.swift */,
				66E72E422487430B00D55C70 /* Main.storyboard */,
				663BCFFE2489A5850090A64E /* PreviewViewController.swift */,
				66E72E482487430C00D55C70 /* Assets.xcassets */,
				66E72E4A2487430C00D55C70 /* LaunchScreen.storyboard */,
				66E72E4D2487430C00D55C70 /* Info.plist */,
				66E72E452487430B00D55C70 /* tinybooth.xcdatamodeld */,
				663BD007248AD9050090A64E /* PhotoUtil.swift */,
			);
			path = tinybooth;
			sourceTree = "<group>";
		};
/* End PBXGroup section */

/* Begin PBXNativeTarget section */
		66E72E382487430B00D55C70 /* tinybooth */ = {
			isa = PBXNativeTarget;
			buildConfigurationList = 66E72E502487430C00D55C70 /* Build configuration list for PBXNativeTarget "tinybooth" */;
			buildPhases = (
				66E72E352487430B00D55C70 /* Sources */,
				66E72E362487430B00D55C70 /* Frameworks */,
				66E72E372487430B00D55C70 /* Resources */,
			);
			buildRules = (
			);
			dependencies = (
			);
			name = tinybooth;
			productName = tinybooth;
			productReference = 66E72E392487430B00D55C70 /* tinybooth.app */;
			productType = "com.apple.product-type.application";
		};
/* End PBXNativeTarget section */

/* Begin PBXProject section */
		66E72E312487430B00D55C70 /* Project object */ = {
			isa = PBXProject;
			attributes = {
				LastSwiftUpdateCheck = 1150;
				LastUpgradeCheck = 1150;
				ORGANIZATIONNAME = codesquad;
				TargetAttributes = {
					66E72E382487430B00D55C70 = {
						CreatedOnToolsVersion = 11.5;
					};
				};
			};
			buildConfigurationList = 66E72E342487430B00D55C70 /* Build configuration list for PBXProject "tinybooth" */;
			compatibilityVersion = "Xcode 9.3";
			developmentRegion = en;
			hasScannedForEncodings = 0;
			knownRegions = (
				en,
				Base,
			);
			mainGroup = 66E72E302487430B00D55C70;
			productRefGroup = 66E72E3A2487430B00D55C70 /* Products */;
			projectDirPath = "";
			projectRoot = "";
			targets = (
				66E72E382487430B00D55C70 /* tinybooth */,
			);
		};
/* End PBXProject section */

/* Begin PBXResourcesBuildPhase section */
		66E72E372487430B00D55C70 /* Resources */ = {
			isa = PBXResourcesBuildPhase;
			buildActionMask = 2147483647;
			files = (
				66E72E4C2487430C00D55C70 /* LaunchScreen.storyboard in Resources */,
				66E72E492487430C00D55C70 /* Assets.xcassets in Resources */,
				663BD00C248ADFF70090A64E /* countdownSound_1.mp3 in Resources */,
				663BD00B248ADFF70090A64E /* countdownSound.mp3 in Resources */,
				66E72E442487430B00D55C70 /* Main.storyboard in Resources */,
			);
			runOnlyForDeploymentPostprocessing = 0;
		};
/* End PBXResourcesBuildPhase section */

/* Begin PBXSourcesBuildPhase section */
		66E72E352487430B00D55C70 /* Sources */ = {
			isa = PBXSourcesBuildPhase;
			buildActionMask = 2147483647;
			files = (
				663BD002248AC1A00090A64E /* ViewController.swift in Sources */,
				66E72E3D2487430B00D55C70 /* AppDelegate.swift in Sources */,
				663BD008248AD9050090A64E /* PhotoUtil.swift in Sources */,
				66E72E472487430B00D55C70 /* tinybooth.xcdatamodeld in Sources */,
				663BCFFF2489A5850090A64E /* PreviewViewController.swift in Sources */,
				66E72E3F2487430B00D55C70 /* SceneDelegate.swift in Sources */,
			);
			runOnlyForDeploymentPostprocessing = 0;
		};
/* End PBXSourcesBuildPhase section */

/* Begin PBXVariantGroup section */
		66E72E422487430B00D55C70 /* Main.storyboard */ = {
			isa = PBXVariantGroup;
			children = (
				66E72E432487430B00D55C70 /* Base */,
			);
			name = Main.storyboard;
			sourceTree = "<group>";
		};
		66E72E4A2487430C00D55C70 /* LaunchScreen.storyboard */ = {
			isa = PBXVariantGroup;
			children = (
				66E72E4B2487430C00D55C70 /* Base */,
			);
			name = LaunchScreen.storyboard;
			sourceTree = "<group>";
		};
/* End PBXVariantGroup section */

/* Begin XCBuildConfiguration section */
		66E72E4E2487430C00D55C70 /* Debug */ = {
			isa = XCBuildConfiguration;
			buildSettings = {
				ALWAYS_SEARCH_USER_PATHS = NO;
				CLANG_ANALYZER_NONNULL = YES;
				CLANG_ANALYZER_NUMBER_OBJECT_CONVERSION = YES_AGGRESSIVE;
				CLANG_CXX_LANGUAGE_STANDARD = "gnu++14";
				CLANG_CXX_LIBRARY = "libc++";
				CLANG_ENABLE_MODULES = YES;
				CLANG_ENABLE_OBJC_ARC = YES;
				CLANG_ENABLE_OBJC_WEAK = YES;
				CLANG_WARN_BLOCK_CAPTURE_AUTORELEASING = YES;
				CLANG_WARN_BOOL_CONVERSION = YES;
				CLANG_WARN_COMMA = YES;
				CLANG_WARN_CONSTANT_CONVERSION = YES;
				CLANG_WARN_DEPRECATED_OBJC_IMPLEMENTATIONS = YES;
				CLANG_WARN_DIRECT_OBJC_ISA_USAGE = YES_ERROR;
				CLANG_WARN_DOCUMENTATION_COMMENTS = YES;
				CLANG_WARN_EMPTY_BODY = YES;
				CLANG_WARN_ENUM_CONVERSION = YES;
				CLANG_WARN_INFINITE_RECURSION = YES;
				CLANG_WARN_INT_CONVERSION = YES;
				CLANG_WARN_NON_LITERAL_NULL_CONVERSION = YES;
				CLANG_WARN_OBJC_IMPLICIT_RETAIN_SELF = YES;
				CLANG_WARN_OBJC_LITERAL_CONVERSION = YES;
				CLANG_WARN_OBJC_ROOT_CLASS = YES_ERROR;
				CLANG_WARN_RANGE_LOOP_ANALYSIS = YES;
				CLANG_WARN_STRICT_PROTOTYPES = YES;
				CLANG_WARN_SUSPICIOUS_MOVE = YES;
				CLANG_WARN_UNGUARDED_AVAILABILITY = YES_AGGRESSIVE;
				CLANG_WARN_UNREACHABLE_CODE = YES;
				CLANG_WARN__DUPLICATE_METHOD_MATCH = YES;
				COPY_PHASE_STRIP = NO;
				DEBUG_INFORMATION_FORMAT = dwarf;
				ENABLE_STRICT_OBJC_MSGSEND = YES;
				ENABLE_TESTABILITY = YES;
				GCC_C_LANGUAGE_STANDARD = gnu11;
				GCC_DYNAMIC_NO_PIC = NO;
				GCC_NO_COMMON_BLOCKS = YES;
				GCC_OPTIMIZATION_LEVEL = 0;
				GCC_PREPROCESSOR_DEFINITIONS = (
					"DEBUG=1",
					"$(inherited)",
				);
				GCC_WARN_64_TO_32_BIT_CONVERSION = YES;
				GCC_WARN_ABOUT_RETURN_TYPE = YES_ERROR;
				GCC_WARN_UNDECLARED_SELECTOR = YES;
				GCC_WARN_UNINITIALIZED_AUTOS = YES_AGGRESSIVE;
				GCC_WARN_UNUSED_FUNCTION = YES;
				GCC_WARN_UNUSED_VARIABLE = YES;
				IPHONEOS_DEPLOYMENT_TARGET = 13.5;
				MTL_ENABLE_DEBUG_INFO = INCLUDE_SOURCE;
				MTL_FAST_MATH = YES;
				ONLY_ACTIVE_ARCH = YES;
				SDKROOT = iphoneos;
				SWIFT_ACTIVE_COMPILATION_CONDITIONS = DEBUG;
				SWIFT_OPTIMIZATION_LEVEL = "-Onone";
			};
			name = Debug;
		};
		66E72E4F2487430C00D55C70 /* Release */ = {
			isa = XCBuildConfiguration;
			buildSettings = {
				ALWAYS_SEARCH_USER_PATHS = NO;
				CLANG_ANALYZER_NONNULL = YES;
				CLANG_ANALYZER_NUMBER_OBJECT_CONVERSION = YES_AGGRESSIVE;
				CLANG_CXX_LANGUAGE_STANDARD = "gnu++14";
				CLANG_CXX_LIBRARY = "libc++";
				CLANG_ENABLE_MODULES = YES;
				CLANG_ENABLE_OBJC_ARC = YES;
				CLANG_ENABLE_OBJC_WEAK = YES;
				CLANG_WARN_BLOCK_CAPTURE_AUTORELEASING = YES;
				CLANG_WARN_BOOL_CONVERSION = YES;
				CLANG_WARN_COMMA = YES;
				CLANG_WARN_CONSTANT_CONVERSION = YES;
				CLANG_WARN_DEPRECATED_OBJC_IMPLEMENTATIONS = YES;
				CLANG_WARN_DIRECT_OBJC_ISA_USAGE = YES_ERROR;
				CLANG_WARN_DOCUMENTATION_COMMENTS = YES;
				CLANG_WARN_EMPTY_BODY = YES;
				CLANG_WARN_ENUM_CONVERSION = YES;
				CLANG_WARN_INFINITE_RECURSION = YES;
				CLANG_WARN_INT_CONVERSION = YES;
				CLANG_WARN_NON_LITERAL_NULL_CONVERSION = YES;
				CLANG_WARN_OBJC_IMPLICIT_RETAIN_SELF = YES;
				CLANG_WARN_OBJC_LITERAL_CONVERSION = YES;
				CLANG_WARN_OBJC_ROOT_CLASS = YES_ERROR;
				CLANG_WARN_RANGE_LOOP_ANALYSIS = YES;
				CLANG_WARN_STRICT_PROTOTYPES = YES;
				CLANG_WARN_SUSPICIOUS_MOVE = YES;
				CLANG_WARN_UNGUARDED_AVAILABILITY = YES_AGGRESSIVE;
				CLANG_WARN_UNREACHABLE_CODE = YES;
				CLANG_WARN__DUPLICATE_METHOD_MATCH = YES;
				COPY_PHASE_STRIP = NO;
				DEBUG_INFORMATION_FORMAT = "dwarf-with-dsym";
				ENABLE_NS_ASSERTIONS = NO;
				ENABLE_STRICT_OBJC_MSGSEND = YES;
				GCC_C_LANGUAGE_STANDARD = gnu11;
				GCC_NO_COMMON_BLOCKS = YES;
				GCC_WARN_64_TO_32_BIT_CONVERSION = YES;
				GCC_WARN_ABOUT_RETURN_TYPE = YES_ERROR;
				GCC_WARN_UNDECLARED_SELECTOR = YES;
				GCC_WARN_UNINITIALIZED_AUTOS = YES_AGGRESSIVE;
				GCC_WARN_UNUSED_FUNCTION = YES;
				GCC_WARN_UNUSED_VARIABLE = YES;
				IPHONEOS_DEPLOYMENT_TARGET = 13.5;
				MTL_ENABLE_DEBUG_INFO = NO;
				MTL_FAST_MATH = YES;
				SDKROOT = iphoneos;
				SWIFT_COMPILATION_MODE = wholemodule;
				SWIFT_OPTIMIZATION_LEVEL = "-O";
				VALIDATE_PRODUCT = YES;
			};
			name = Release;
		};
		66E72E512487430C00D55C70 /* Debug */ = {
			isa = XCBuildConfiguration;
			buildSettings = {
				ASSETCATALOG_COMPILER_APPICON_NAME = AppIcon;
				CODE_SIGN_STYLE = Automatic;
				DEVELOPMENT_TEAM = S4UJ25XGGT;
				INFOPLIST_FILE = tinybooth/Info.plist;
				IPHONEOS_DEPLOYMENT_TARGET = 13.0;
				LD_RUNPATH_SEARCH_PATHS = (
					"$(inherited)",
					"@executable_path/Frameworks",
				);
				PRODUCT_BUNDLE_IDENTIFIER = codesquad.tinybooth;
				PRODUCT_NAME = "$(TARGET_NAME)";
				SWIFT_VERSION = 5.0;
				TARGETED_DEVICE_FAMILY = "1,2";
			};
			name = Debug;
		};
		66E72E522487430C00D55C70 /* Release */ = {
			isa = XCBuildConfiguration;
			buildSettings = {
				ASSETCATALOG_COMPILER_APPICON_NAME = AppIcon;
				CODE_SIGN_STYLE = Automatic;
				DEVELOPMENT_TEAM = S4UJ25XGGT;
				INFOPLIST_FILE = tinybooth/Info.plist;
				IPHONEOS_DEPLOYMENT_TARGET = 13.0;
				LD_RUNPATH_SEARCH_PATHS = (
					"$(inherited)",
					"@executable_path/Frameworks",
				);
				PRODUCT_BUNDLE_IDENTIFIER = codesquad.tinybooth;
				PRODUCT_NAME = "$(TARGET_NAME)";
				SWIFT_VERSION = 5.0;
				TARGETED_DEVICE_FAMILY = "1,2";
			};
			name = Release;
		};
/* End XCBuildConfiguration section */

/* Begin XCConfigurationList section */
		66E72E342487430B00D55C70 /* Build configuration list for PBXProject "tinybooth" */ = {
			isa = XCConfigurationList;
			buildConfigurations = (
				66E72E4E2487430C00D55C70 /* Debug */,
				66E72E4F2487430C00D55C70 /* Release */,
			);
			defaultConfigurationIsVisible = 0;
			defaultConfigurationName = Release;
		};
		66E72E502487430C00D55C70 /* Build configuration list for PBXNativeTarget "tinybooth" */ = {
			isa = XCConfigurationList;
			buildConfigurations = (
				66E72E512487430C00D55C70 /* Debug */,
				66E72E522487430C00D55C70 /* Release */,
			);
			defaultConfigurationIsVisible = 0;
			defaultConfigurationName = Release;
		};
/* End XCConfigurationList section */

/* Begin XCVersionGroup section */
		66E72E452487430B00D55C70 /* tinybooth.xcdatamodeld */ = {
			isa = XCVersionGroup;
			children = (
				66E72E462487430B00D55C70 /* tinybooth.xcdatamodel */,
			);
			currentVersion = 66E72E462487430B00D55C70 /* tinybooth.xcdatamodel */;
			path = tinybooth.xcdatamodeld;
			sourceTree = "<group>";
			versionGroupType = wrapper.xcdatamodel;
		};
/* End XCVersionGroup section */
	};
	rootObject = 66E72E312487430B00D55C70 /* Project object */;
}
